// !$*UTF8*$!
{
	archiveVersion = 1;
	classes = {
	};
	objectVersion = 46;
	objects = {

/* Begin PBXBuildFile section */
		4722A6771A63A76400A8B9A5 /* PKYStepper.m in Sources */ = {isa = PBXBuildFile; fileRef = 4722A6761A63A76400A8B9A5 /* PKYStepper.m */; };
		4752BC321A60B89A00A31EE5 /* PKYStepperTests.m in Sources */ = {isa = PBXBuildFile; fileRef = 4752BC311A60B89A00A31EE5 /* PKYStepperTests.m */; };
		47EC1A0B1A63A7B5009A8D6F /* AppDelegate.m in Sources */ = {isa = PBXBuildFile; fileRef = 47EC1A041A63A7B5009A8D6F /* AppDelegate.m */; };
		47EC1A0C1A63A7B5009A8D6F /* Base.lproj in Resources */ = {isa = PBXBuildFile; fileRef = 47EC1A051A63A7B5009A8D6F /* Base.lproj */; };
		47EC1A0D1A63A7B5009A8D6F /* Images.xcassets in Resources */ = {isa = PBXBuildFile; fileRef = 47EC1A061A63A7B5009A8D6F /* Images.xcassets */; };
		47EC1A0E1A63A7B5009A8D6F /* Info.plist in Resources */ = {isa = PBXBuildFile; fileRef = 47EC1A071A63A7B5009A8D6F /* Info.plist */; };
		47EC1A0F1A63A7B5009A8D6F /* main.m in Sources */ = {isa = PBXBuildFile; fileRef = 47EC1A081A63A7B5009A8D6F /* main.m */; };
		47EC1A101A63A7B5009A8D6F /* ViewController.m in Sources */ = {isa = PBXBuildFile; fileRef = 47EC1A0A1A63A7B5009A8D6F /* ViewController.m */; };
/* End PBXBuildFile section */

/* Begin PBXContainerItemProxy section */
		4752BC2C1A60B89A00A31EE5 /* PBXContainerItemProxy */ = {
			isa = PBXContainerItemProxy;
			containerPortal = 4752BC0A1A60B89A00A31EE5 /* Project object */;
			proxyType = 1;
			remoteGlobalIDString = 4752BC111A60B89A00A31EE5;
			remoteInfo = PKYStepper;
		};
/* End PBXContainerItemProxy section */

/* Begin PBXFileReference section */
		4722A6751A63A76400A8B9A5 /* PKYStepper.h */ = {isa = PBXFileReference; fileEncoding = 4; lastKnownFileType = sourcecode.c.h; name = PKYStepper.h; path = PKYStepper/PKYStepper.h; sourceTree = "<group>"; };
		4722A6761A63A76400A8B9A5 /* PKYStepper.m */ = {isa = PBXFileReference; fileEncoding = 4; lastKnownFileType = sourcecode.c.objc; name = PKYStepper.m; path = PKYStepper/PKYStepper.m; sourceTree = "<group>"; };
		4752BC121A60B89A00A31EE5 /* PKYStepper.app */ = {isa = PBXFileReference; explicitFileType = wrapper.application; includeInIndex = 0; path = PKYStepper.app; sourceTree = BUILT_PRODUCTS_DIR; };
		4752BC2B1A60B89A00A31EE5 /* PKYStepperTests.xctest */ = {isa = PBXFileReference; explicitFileType = wrapper.cfbundle; includeInIndex = 0; path = PKYStepperTests.xctest; sourceTree = BUILT_PRODUCTS_DIR; };
		4752BC301A60B89A00A31EE5 /* Info.plist */ = {isa = PBXFileReference; lastKnownFileType = text.plist.xml; path = Info.plist; sourceTree = "<group>"; };
		4752BC311A60B89A00A31EE5 /* PKYStepperTests.m */ = {isa = PBXFileReference; lastKnownFileType = sourcecode.c.objc; path = PKYStepperTests.m; sourceTree = "<group>"; };
		47EC1A031A63A7B5009A8D6F /* AppDelegate.h */ = {isa = PBXFileReference; fileEncoding = 4; lastKnownFileType = sourcecode.c.h; name = AppDelegate.h; path = PKYStepperExample/AppDelegate.h; sourceTree = SOURCE_ROOT; };
		47EC1A041A63A7B5009A8D6F /* AppDelegate.m */ = {isa = PBXFileReference; fileEncoding = 4; lastKnownFileType = sourcecode.c.objc; name = AppDelegate.m; path = PKYStepperExample/AppDelegate.m; sourceTree = SOURCE_ROOT; };
		47EC1A051A63A7B5009A8D6F /* Base.lproj */ = {isa = PBXFileReference; lastKnownFileType = folder; name = Base.lproj; path = PKYStepperExample/Base.lproj; sourceTree = SOURCE_ROOT; };
		47EC1A061A63A7B5009A8D6F /* Images.xcassets */ = {isa = PBXFileReference; lastKnownFileType = folder.assetcatalog; name = Images.xcassets; path = PKYStepperExample/Images.xcassets; sourceTree = SOURCE_ROOT; };
		47EC1A071A63A7B5009A8D6F /* Info.plist */ = {isa = PBXFileReference; fileEncoding = 4; lastKnownFileType = text.plist.xml; name = Info.plist; path = PKYStepperExample/Info.plist; sourceTree = SOURCE_ROOT; };
		47EC1A081A63A7B5009A8D6F /* main.m */ = {isa = PBXFileReference; fileEncoding = 4; lastKnownFileType = sourcecode.c.objc; name = main.m; path = PKYStepperExample/main.m; sourceTree = SOURCE_ROOT; };
		47EC1A091A63A7B5009A8D6F /* ViewController.h */ = {isa = PBXFileReference; fileEncoding = 4; lastKnownFileType = sourcecode.c.h; name = ViewController.h; path = PKYStepperExample/ViewController.h; sourceTree = SOURCE_ROOT; };
		47EC1A0A1A63A7B5009A8D6F /* ViewController.m */ = {isa = PBXFileReference; fileEncoding = 4; lastKnownFileType = sourcecode.c.objc; name = ViewController.m; path = PKYStepperExample/ViewController.m; sourceTree = SOURCE_ROOT; };
/* End PBXFileReference section */

/* Begin PBXFrameworksBuildPhase section */
		4752BC0F1A60B89A00A31EE5 /* Frameworks */ = {
			isa = PBXFrameworksBuildPhase;
			buildActionMask = 2147483647;
			files = (
			);
			runOnlyForDeploymentPostprocessing = 0;
		};
		4752BC281A60B89A00A31EE5 /* Frameworks */ = {
			isa = PBXFrameworksBuildPhase;
			buildActionMask = 2147483647;
			files = (
			);
			runOnlyForDeploymentPostprocessing = 0;
		};
/* End PBXFrameworksBuildPhase section */

/* Begin PBXGroup section */
		4722A6621A63A73E00A8B9A5 /* PKYStepperExample */ = {
			isa = PBXGroup;
			children = (
				47EC1A031A63A7B5009A8D6F /* AppDelegate.h */,
				47EC1A041A63A7B5009A8D6F /* AppDelegate.m */,
				47EC1A051A63A7B5009A8D6F /* Base.lproj */,
				47EC1A061A63A7B5009A8D6F /* Images.xcassets */,
				47EC1A071A63A7B5009A8D6F /* Info.plist */,
				47EC1A081A63A7B5009A8D6F /* main.m */,
				47EC1A091A63A7B5009A8D6F /* ViewController.h */,
				47EC1A0A1A63A7B5009A8D6F /* ViewController.m */,
			);
			name = PKYStepperExample;
			path = PKYStepper/PKYStepperExample;
			sourceTree = "<group>";
		};
		4752BC091A60B89A00A31EE5 = {
			isa = PBXGroup;
			children = (
				4722A6621A63A73E00A8B9A5 /* PKYStepperExample */,
				4752BC3B1A60B91200A31EE5 /* PKYStepper */,
				4752BC2E1A60B89A00A31EE5 /* PKYStepperTests */,
				4752BC131A60B89A00A31EE5 /* Products */,
			);
			sourceTree = "<group>";
		};
		4752BC131A60B89A00A31EE5 /* Products */ = {
			isa = PBXGroup;
			children = (
				4752BC121A60B89A00A31EE5 /* PKYStepper.app */,
				4752BC2B1A60B89A00A31EE5 /* PKYStepperTests.xctest */,
			);
			name = Products;
			sourceTree = "<group>";
		};
		4752BC2E1A60B89A00A31EE5 /* PKYStepperTests */ = {
			isa = PBXGroup;
			children = (
				4752BC311A60B89A00A31EE5 /* PKYStepperTests.m */,
				4752BC2F1A60B89A00A31EE5 /* Supporting Files */,
			);
			path = PKYStepperTests;
			sourceTree = "<group>";
		};
		4752BC2F1A60B89A00A31EE5 /* Supporting Files */ = {
			isa = PBXGroup;
			children = (
				4752BC301A60B89A00A31EE5 /* Info.plist */,
			);
			name = "Supporting Files";
			sourceTree = "<group>";
		};
		4752BC3B1A60B91200A31EE5 /* PKYStepper */ = {
			isa = PBXGroup;
			children = (
				4722A6751A63A76400A8B9A5 /* PKYStepper.h */,
				4722A6761A63A76400A8B9A5 /* PKYStepper.m */,
			);
			name = PKYStepper;
			sourceTree = "<group>";
		};
/* End PBXGroup section */

/* Begin PBXNativeTarget section */
		4752BC111A60B89A00A31EE5 /* PKYStepper */ = {
			isa = PBXNativeTarget;
			buildConfigurationList = 4752BC351A60B89A00A31EE5 /* Build configuration list for PBXNativeTarget "PKYStepper" */;
			buildPhases = (
				4752BC0E1A60B89A00A31EE5 /* Sources */,
				4752BC0F1A60B89A00A31EE5 /* Frameworks */,
				4752BC101A60B89A00A31EE5 /* Resources */,
			);
			buildRules = (
			);
			dependencies = (
			);
			name = PKYStepper;
			productName = PKYStepper;
			productReference = 4752BC121A60B89A00A31EE5 /* PKYStepper.app */;
			productType = "com.apple.product-type.application";
		};
		4752BC2A1A60B89A00A31EE5 /* PKYStepperTests */ = {
			isa = PBXNativeTarget;
			buildConfigurationList = 4752BC381A60B89A00A31EE5 /* Build configuration list for PBXNativeTarget "PKYStepperTests" */;
			buildPhases = (
				4752BC271A60B89A00A31EE5 /* Sources */,
				4752BC281A60B89A00A31EE5 /* Frameworks */,
				4752BC291A60B89A00A31EE5 /* Resources */,
			);
			buildRules = (
			);
			dependencies = (
				4752BC2D1A60B89A00A31EE5 /* PBXTargetDependency */,
			);
			name = PKYStepperTests;
			productName = PKYStepperTests;
			productReference = 4752BC2B1A60B89A00A31EE5 /* PKYStepperTests.xctest */;
			productType = "com.apple.product-type.bundle.unit-test";
		};
/* End PBXNativeTarget section */

/* Begin PBXProject section */
		4752BC0A1A60B89A00A31EE5 /* Project object */ = {
			isa = PBXProject;
			attributes = {
				LastUpgradeCheck = 0610;
				ORGANIZATIONNAME = "yohei okada";
				TargetAttributes = {
					4752BC111A60B89A00A31EE5 = {
						CreatedOnToolsVersion = 6.1.1;
					};
					4752BC2A1A60B89A00A31EE5 = {
						CreatedOnToolsVersion = 6.1.1;
						TestTargetID = 4752BC111A60B89A00A31EE5;
					};
				};
			};
			buildConfigurationList = 4752BC0D1A60B89A00A31EE5 /* Build configuration list for PBXProject "PKYStepper" */;
			compatibilityVersion = "Xcode 3.2";
			developmentRegion = English;
			hasScannedForEncodings = 0;
			knownRegions = (
				en,
				Base,
			);
			mainGroup = 4752BC091A60B89A00A31EE5;
			productRefGroup = 4752BC131A60B89A00A31EE5 /* Products */;
			projectDirPath = "";
			projectRoot = "";
			targets = (
				4752BC111A60B89A00A31EE5 /* PKYStepper */,
				4752BC2A1A60B89A00A31EE5 /* PKYStepperTests */,
			);
		};
/* End PBXProject section */

/* Begin PBXResourcesBuildPhase section */
		4752BC101A60B89A00A31EE5 /* Resources */ = {
			isa = PBXResourcesBuildPhase;
			buildActionMask = 2147483647;
			files = (
				47EC1A0C1A63A7B5009A8D6F /* Base.lproj in Resources */,
				47EC1A0D1A63A7B5009A8D6F /* Images.xcassets in Resources */,
				47EC1A0E1A63A7B5009A8D6F /* Info.plist in Resources */,
			);
			runOnlyForDeploymentPostprocessing = 0;
		};
		4752BC291A60B89A00A31EE5 /* Resources */ = {
			isa = PBXResourcesBuildPhase;
			buildActionMask = 2147483647;
			files = (
			);
			runOnlyForDeploymentPostprocessing = 0;
		};
/* End PBXResourcesBuildPhase section */

/* Begin PBXSourcesBuildPhase section */
		4752BC0E1A60B89A00A31EE5 /* Sources */ = {
			isa = PBXSourcesBuildPhase;
			buildActionMask = 2147483647;
			files = (
				47EC1A101A63A7B5009A8D6F /* ViewController.m in Sources */,
				4722A6771A63A76400A8B9A5 /* PKYStepper.m in Sources */,
				47EC1A0F1A63A7B5009A8D6F /* main.m in Sources */,
				47EC1A0B1A63A7B5009A8D6F /* AppDelegate.m in Sources */,
			);
			runOnlyForDeploymentPostprocessing = 0;
		};
		4752BC271A60B89A00A31EE5 /* Sources */ = {
			isa = PBXSourcesBuildPhase;
			buildActionMask = 2147483647;
			files = (
				4752BC321A60B89A00A31EE5 /* PKYStepperTests.m in Sources */,
			);
			runOnlyForDeploymentPostprocessing = 0;
		};
/* End PBXSourcesBuildPhase section */

/* Begin PBXTargetDependency section */
		4752BC2D1A60B89A00A31EE5 /* PBXTargetDependency */ = {
			isa = PBXTargetDependency;
			target = 4752BC111A60B89A00A31EE5 /* PKYStepper */;
			targetProxy = 4752BC2C1A60B89A00A31EE5 /* PBXContainerItemProxy */;
		};
/* End PBXTargetDependency section */

/* Begin XCBuildConfiguration section */
		4752BC331A60B89A00A31EE5 /* Debug */ = {
			isa = XCBuildConfiguration;
			buildSettings = {
				ALWAYS_SEARCH_USER_PATHS = NO;
				CLANG_CXX_LANGUAGE_STANDARD = "gnu++0x";
				CLANG_CXX_LIBRARY = "libc++";
				CLANG_ENABLE_MODULES = YES;
				CLANG_ENABLE_OBJC_ARC = YES;
				CLANG_WARN_BOOL_CONVERSION = YES;
				CLANG_WARN_CONSTANT_CONVERSION = YES;
				CLANG_WARN_DIRECT_OBJC_ISA_USAGE = YES_ERROR;
				CLANG_WARN_EMPTY_BODY = YES;
				CLANG_WARN_ENUM_CONVERSION = YES;
				CLANG_WARN_INT_CONVERSION = YES;
				CLANG_WARN_OBJC_ROOT_CLASS = YES_ERROR;
				CLANG_WARN_UNREACHABLE_CODE = YES;
				CLANG_WARN__DUPLICATE_METHOD_MATCH = YES;
				"CODE_SIGN_IDENTITY[sdk=iphoneos*]" = "iPhone Developer";
				COPY_PHASE_STRIP = NO;
				ENABLE_STRICT_OBJC_MSGSEND = YES;
				GCC_C_LANGUAGE_STANDARD = gnu99;
				GCC_DYNAMIC_NO_PIC = NO;
				GCC_OPTIMIZATION_LEVEL = 0;
				GCC_PREPROCESSOR_DEFINITIONS = (
					"DEBUG=1",
					"$(inherited)",
				);
				GCC_SYMBOLS_PRIVATE_EXTERN = NO;
				GCC_WARN_64_TO_32_BIT_CONVERSION = YES;
				GCC_WARN_ABOUT_RETURN_TYPE = YES_ERROR;
				GCC_WARN_UNDECLARED_SELECTOR = YES;
				GCC_WARN_UNINITIALIZED_AUTOS = YES_AGGRESSIVE;
				GCC_WARN_UNUSED_FUNCTION = YES;
				GCC_WARN_UNUSED_VARIABLE = YES;
				IPHONEOS_DEPLOYMENT_TARGET = 8.1;
				MTL_ENABLE_DEBUG_INFO = YES;
				ONLY_ACTIVE_ARCH = YES;
				SDKROOT = iphoneos;
				TARGETED_DEVICE_FAMILY = "1,2";
			};
			name = Debug;
		};
		4752BC341A60B89A00A31EE5 /* Release */ = {
			isa = XCBuildConfiguration;
			buildSettings = {
				ALWAYS_SEARCH_USER_PATHS = NO;
				CLANG_CXX_LANGUAGE_STANDARD = "gnu++0x";
				CLANG_CXX_LIBRARY = "libc++";
				CLANG_ENABLE_MODULES = YES;
				CLANG_ENABLE_OBJC_ARC = YES;
				CLANG_WARN_BOOL_CONVERSION = YES;
				CLANG_WARN_CONSTANT_CONVERSION = YES;
				CLANG_WARN_DIRECT_OBJC_ISA_USAGE = YES_ERROR;
				CLANG_WARN_EMPTY_BODY = YES;
				CLANG_WARN_ENUM_CONVERSION = YES;
				CLANG_WARN_INT_CONVERSION = YES;
				CLANG_WARN_OBJC_ROOT_CLASS = YES_ERROR;
				CLANG_WARN_UNREACHABLE_CODE = YES;
				CLANG_WARN__DUPLICATE_METHOD_MATCH = YES;
				"CODE_SIGN_IDENTITY[sdk=iphoneos*]" = "iPhone Developer";
				COPY_PHASE_STRIP = YES;
				ENABLE_NS_ASSERTIONS = NO;
				ENABLE_STRICT_OBJC_MSGSEND = YES;
				GCC_C_LANGUAGE_STANDARD = gnu99;
				GCC_WARN_64_TO_32_BIT_CONVERSION = YES;
				GCC_WARN_ABOUT_RETURN_TYPE = YES_ERROR;
				GCC_WARN_UNDECLARED_SELECTOR = YES;
				GCC_WARN_UNINITIALIZED_AUTOS = YES_AGGRESSIVE;
				GCC_WARN_UNUSED_FUNCTION = YES;
				GCC_WARN_UNUSED_VARIABLE = YES;
				IPHONEOS_DEPLOYMENT_TARGET = 8.1;
				MTL_ENABLE_DEBUG_INFO = NO;
				SDKROOT = iphoneos;
				TARGETED_DEVICE_FAMILY = "1,2";
				VALIDATE_PRODUCT = YES;
			};
			name = Release;
		};
		4752BC361A60B89A00A31EE5 /* Debug */ = {
			isa = XCBuildConfiguration;
			buildSettings = {
				ASSETCATALOG_COMPILER_APPICON_NAME = AppIcon;
				INFOPLIST_FILE = "$(SRCROOT)/PKYStepperExample/Info.plist";
				LD_RUNPATH_SEARCH_PATHS = "$(inherited) @executable_path/Frameworks";
				PRODUCT_NAME = "$(TARGET_NAME)";
			};
			name = Debug;
		};
		4752BC371A60B89A00A31EE5 /* Release */ = {
			isa = XCBuildConfiguration;
			buildSettings = {
				ASSETCATALOG_COMPILER_APPICON_NAME = AppIcon;
				INFOPLIST_FILE = "$(SRCROOT)/PKYStepperExample/Info.plist";
				LD_RUNPATH_SEARCH_PATHS = "$(inherited) @executable_path/Frameworks";
				PRODUCT_NAME = "$(TARGET_NAME)";
			};
			name = Release;
		};
		4752BC391A60B89A00A31EE5 /* Debug */ = {
			isa = XCBuildConfiguration;
			buildSettings = {
				BUNDLE_LOADER = "$(TEST_HOST)";
				FRAMEWORK_SEARCH_PATHS = (
					"$(SDKROOT)/Developer/Library/Frameworks",
					"$(inherited)",
				);
				GCC_PREPROCESSOR_DEFINITIONS = (
					"DEBUG=1",
					"$(inherited)",
				);
				INFOPLIST_FILE = PKYStepperTests/Info.plist;
				LD_RUNPATH_SEARCH_PATHS = "$(inherited) @executable_path/Frameworks @loader_path/Frameworks";
				PRODUCT_NAME = "$(TARGET_NAME)";
				TEST_HOST = "$(BUILT_PRODUCTS_DIR)/PKYStepper.app/PKYStepper";
			};
			name = Debug;
		};
		4752BC3A1A60B89A00A31EE5 /* Release */ = {
			isa = XCBuildConfiguration;
			buildSettings = {
				BUNDLE_LOADER = "$(TEST_HOST)";
				FRAMEWORK_SEARCH_PATHS = (
					"$(SDKROOT)/Developer/Library/Frameworks",
					"$(inherited)",
				);
				INFOPLIST_FILE = PKYStepperTests/Info.plist;
				LD_RUNPATH_SEARCH_PATHS = "$(inherited) @executable_path/Frameworks @loader_path/Frameworks";
				PRODUCT_NAME = "$(TARGET_NAME)";
				TEST_HOST = "$(BUILT_PRODUCTS_DIR)/PKYStepper.app/PKYStepper";
			};
			name = Release;
		};
/* End XCBuildConfiguration section */

/* Begin XCConfigurationList section */
		4752BC0D1A60B89A00A31EE5 /* Build configuration list for PBXProject "PKYStepper" */ = {
			isa = XCConfigurationList;
			buildConfigurations = (
				4752BC331A60B89A00A31EE5 /* Debug */,
				4752BC341A60B89A00A31EE5 /* Release */,
			);
			defaultConfigurationIsVisible = 0;
			defaultConfigurationName = Release;
		};
		4752BC351A60B89A00A31EE5 /* Build configuration list for PBXNativeTarget "PKYStepper" */ = {
			isa = XCConfigurationList;
			buildConfigurations = (
				4752BC361A60B89A00A31EE5 /* Debug */,
				4752BC371A60B89A00A31EE5 /* Release */,
			);
			defaultConfigurationIsVisible = 0;
			defaultConfigurationName = Release;
		};
		4752BC381A60B89A00A31EE5 /* Build configuration list for PBXNativeTarget "PKYStepperTests" */ = {
			isa = XCConfigurationList;
			buildConfigurations = (
				4752BC391A60B89A00A31EE5 /* Debug */,
				4752BC3A1A60B89A00A31EE5 /* Release */,
			);
			defaultConfigurationIsVisible = 0;
			defaultConfigurationName = Release;
		};
/* End XCConfigurationList section */
	};
	rootObject = 4752BC0A1A60B89A00A31EE5 /* Project object */;
}
